
Microsoft Visual Studio Solution File, Format Version 12.00
# Visual Studio Version 16
VisualStudioVersion = 16.0.29025.244
MinimumVisualStudioVersion = 10.0.40219.1
Project("{FAE04EC0-301F-11D3-BF4B-00C04F79EFBC}") = "Diagonal_ValoresNegativos", "Diagonal_ValoresNegativos\Diagonal_ValoresNegativos.csproj", "{A262F5DB-A13F-4ED6-BCE5-D261B0FB1738}"
EndProject
Global
	GlobalSection(SolutionConfigurationPlatforms) = preSolution
		Debug|Any CPU = Debug|Any CPU
		Release|Any CPU = Release|Any CPU
	EndGlobalSection
	GlobalSection(ProjectConfigurationPlatforms) = postSolution
		{A262F5DB-A13F-4ED6-BCE5-D261B0FB1738}.Debug|Any CPU.ActiveCfg = Debug|Any CPU
		{A262F5DB-A13F-4ED6-BCE5-D261B0FB1738}.Debug|Any CPU.Build.0 = Debug|Any CPU
		{A262F5DB-A13F-4ED6-BCE5-D261B0FB1738}.Release|Any CPU.ActiveCfg = Release|Any CPU
		{A262F5DB-A13F-4ED6-BCE5-D261B0FB1738}.Release|Any CPU.Build.0 = Release|Any CPU
	EndGlobalSection
	GlobalSection(SolutionProperties) = preSolution
		HideSolutionNode = FALSE
	EndGlobalSection
	GlobalSection(ExtensibilityGlobals) = postSolution
		SolutionGuid = {6E52E371-6B5C-40C2-B75A-C86BA5C9D6F4}
	EndGlobalSection
EndGlobal
