
Microsoft Visual Studio Solution File, Format Version 12.00
# Visual Studio Version 16
VisualStudioVersion = 16.0.29025.244
MinimumVisualStudioVersion = 10.0.40219.1
Project("{FAE04EC0-301F-11D3-BF4B-00C04F79EFBC}") = "NumeroN", "NumeroN\NumeroN.csproj", "{65B07377-81EA-4AE9-AC0F-BC7C51A62E73}"
EndProject
Global
	GlobalSection(SolutionConfigurationPlatforms) = preSolution
		Debug|Any CPU = Debug|Any CPU
		Release|Any CPU = Release|Any CPU
	EndGlobalSection
	GlobalSection(ProjectConfigurationPlatforms) = postSolution
		{65B07377-81EA-4AE9-AC0F-BC7C51A62E73}.Debug|Any CPU.ActiveCfg = Debug|Any CPU
		{65B07377-81EA-4AE9-AC0F-BC7C51A62E73}.Debug|Any CPU.Build.0 = Debug|Any CPU
		{65B07377-81EA-4AE9-AC0F-BC7C51A62E73}.Release|Any CPU.ActiveCfg = Release|Any CPU
		{65B07377-81EA-4AE9-AC0F-BC7C51A62E73}.Release|Any CPU.Build.0 = Release|Any CPU
	EndGlobalSection
	GlobalSection(SolutionProperties) = preSolution
		HideSolutionNode = FALSE
	EndGlobalSection
	GlobalSection(ExtensibilityGlobals) = postSolution
		SolutionGuid = {4AE5C4E7-EE93-406E-91EB-6A603E4C781C}
	EndGlobalSection
EndGlobal
