
Microsoft Visual Studio Solution File, Format Version 12.00
# Visual Studio Version 16
VisualStudioVersion = 16.0.29025.244
MinimumVisualStudioVersion = 10.0.40219.1
Project("{FAE04EC0-301F-11D3-BF4B-00C04F79EFBC}") = "Curso_Alunos", "Curso_Alunos\Curso_Alunos.csproj", "{0F8791FF-8ABD-4067-817A-B56881D71BCC}"
EndProject
Global
	GlobalSection(SolutionConfigurationPlatforms) = preSolution
		Debug|Any CPU = Debug|Any CPU
		Release|Any CPU = Release|Any CPU
	EndGlobalSection
	GlobalSection(ProjectConfigurationPlatforms) = postSolution
		{0F8791FF-8ABD-4067-817A-B56881D71BCC}.Debug|Any CPU.ActiveCfg = Debug|Any CPU
		{0F8791FF-8ABD-4067-817A-B56881D71BCC}.Debug|Any CPU.Build.0 = Debug|Any CPU
		{0F8791FF-8ABD-4067-817A-B56881D71BCC}.Release|Any CPU.ActiveCfg = Release|Any CPU
		{0F8791FF-8ABD-4067-817A-B56881D71BCC}.Release|Any CPU.Build.0 = Release|Any CPU
	EndGlobalSection
	GlobalSection(SolutionProperties) = preSolution
		HideSolutionNode = FALSE
	EndGlobalSection
	GlobalSection(ExtensibilityGlobals) = postSolution
		SolutionGuid = {EA640830-FEAD-4CB7-B6D3-5338C09CC0A9}
	EndGlobalSection
EndGlobal
