
Microsoft Visual Studio Solution File, Format Version 12.00
# Visual Studio Version 16
VisualStudioVersion = 16.0.29025.244
MinimumVisualStudioVersion = 10.0.40219.1
Project("{FAE04EC0-301F-11D3-BF4B-00C04F79EFBC}") = "TesteInicial", "TesteInicial\TesteInicial.csproj", "{27971B58-B9FB-4E7A-A3B7-AB13793DAD64}"
EndProject
Global
	GlobalSection(SolutionConfigurationPlatforms) = preSolution
		Debug|Any CPU = Debug|Any CPU
		Release|Any CPU = Release|Any CPU
	EndGlobalSection
	GlobalSection(ProjectConfigurationPlatforms) = postSolution
		{27971B58-B9FB-4E7A-A3B7-AB13793DAD64}.Debug|Any CPU.ActiveCfg = Debug|Any CPU
		{27971B58-B9FB-4E7A-A3B7-AB13793DAD64}.Debug|Any CPU.Build.0 = Debug|Any CPU
		{27971B58-B9FB-4E7A-A3B7-AB13793DAD64}.Release|Any CPU.ActiveCfg = Release|Any CPU
		{27971B58-B9FB-4E7A-A3B7-AB13793DAD64}.Release|Any CPU.Build.0 = Release|Any CPU
	EndGlobalSection
	GlobalSection(SolutionProperties) = preSolution
		HideSolutionNode = FALSE
	EndGlobalSection
	GlobalSection(ExtensibilityGlobals) = postSolution
		SolutionGuid = {74F63A6F-3369-45D1-A566-63BD8BBF7478}
	EndGlobalSection
EndGlobal
