
Microsoft Visual Studio Solution File, Format Version 12.00
# Visual Studio Version 16
VisualStudioVersion = 16.0.29025.244
MinimumVisualStudioVersion = 10.0.40219.1
Project("{FAE04EC0-301F-11D3-BF4B-00C04F79EFBC}") = "Nome_IdadeVelha", "Nome_IdadeVelha\Nome_IdadeVelha.csproj", "{674B3952-4136-4CF4-8BBF-30088369CEE4}"
EndProject
Global
	GlobalSection(SolutionConfigurationPlatforms) = preSolution
		Debug|Any CPU = Debug|Any CPU
		Release|Any CPU = Release|Any CPU
	EndGlobalSection
	GlobalSection(ProjectConfigurationPlatforms) = postSolution
		{674B3952-4136-4CF4-8BBF-30088369CEE4}.Debug|Any CPU.ActiveCfg = Debug|Any CPU
		{674B3952-4136-4CF4-8BBF-30088369CEE4}.Debug|Any CPU.Build.0 = Debug|Any CPU
		{674B3952-4136-4CF4-8BBF-30088369CEE4}.Release|Any CPU.ActiveCfg = Release|Any CPU
		{674B3952-4136-4CF4-8BBF-30088369CEE4}.Release|Any CPU.Build.0 = Release|Any CPU
	EndGlobalSection
	GlobalSection(SolutionProperties) = preSolution
		HideSolutionNode = FALSE
	EndGlobalSection
	GlobalSection(ExtensibilityGlobals) = postSolution
		SolutionGuid = {4A5DC08D-1796-4B05-BE43-36F6E94A920D}
	EndGlobalSection
EndGlobal
