
Microsoft Visual Studio Solution File, Format Version 12.00
# Visual Studio Version 16
VisualStudioVersion = 16.0.29025.244
MinimumVisualStudioVersion = 10.0.40219.1
Project("{FAE04EC0-301F-11D3-BF4B-00C04F79EFBC}") = "Trabalhador_Contratos", "Trabalhador_Contratos\Trabalhador_Contratos.csproj", "{8BC934DC-13D7-4893-9FE5-67F1D2962E6C}"
EndProject
Global
	GlobalSection(SolutionConfigurationPlatforms) = preSolution
		Debug|Any CPU = Debug|Any CPU
		Release|Any CPU = Release|Any CPU
	EndGlobalSection
	GlobalSection(ProjectConfigurationPlatforms) = postSolution
		{8BC934DC-13D7-4893-9FE5-67F1D2962E6C}.Debug|Any CPU.ActiveCfg = Debug|Any CPU
		{8BC934DC-13D7-4893-9FE5-67F1D2962E6C}.Debug|Any CPU.Build.0 = Debug|Any CPU
		{8BC934DC-13D7-4893-9FE5-67F1D2962E6C}.Release|Any CPU.ActiveCfg = Release|Any CPU
		{8BC934DC-13D7-4893-9FE5-67F1D2962E6C}.Release|Any CPU.Build.0 = Release|Any CPU
	EndGlobalSection
	GlobalSection(SolutionProperties) = preSolution
		HideSolutionNode = FALSE
	EndGlobalSection
	GlobalSection(ExtensibilityGlobals) = postSolution
		SolutionGuid = {4174DE8D-7F92-48DE-9A6D-2013ED6EC841}
	EndGlobalSection
EndGlobal
