
Microsoft Visual Studio Solution File, Format Version 12.00
# Visual Studio Version 16
VisualStudioVersion = 16.0.29025.244
MinimumVisualStudioVersion = 10.0.40219.1
Project("{FAE04EC0-301F-11D3-BF4B-00C04F79EFBC}") = "Calculo_Divisores", "Calculo_Divisores\Calculo_Divisores.csproj", "{A83D72F5-A6BA-43E3-9E57-B7C20A4AF3E5}"
EndProject
Global
	GlobalSection(SolutionConfigurationPlatforms) = preSolution
		Debug|Any CPU = Debug|Any CPU
		Release|Any CPU = Release|Any CPU
	EndGlobalSection
	GlobalSection(ProjectConfigurationPlatforms) = postSolution
		{A83D72F5-A6BA-43E3-9E57-B7C20A4AF3E5}.Debug|Any CPU.ActiveCfg = Debug|Any CPU
		{A83D72F5-A6BA-43E3-9E57-B7C20A4AF3E5}.Debug|Any CPU.Build.0 = Debug|Any CPU
		{A83D72F5-A6BA-43E3-9E57-B7C20A4AF3E5}.Release|Any CPU.ActiveCfg = Release|Any CPU
		{A83D72F5-A6BA-43E3-9E57-B7C20A4AF3E5}.Release|Any CPU.Build.0 = Release|Any CPU
	EndGlobalSection
	GlobalSection(SolutionProperties) = preSolution
		HideSolutionNode = FALSE
	EndGlobalSection
	GlobalSection(ExtensibilityGlobals) = postSolution
		SolutionGuid = {0BE7C7CA-B0C3-4895-8E65-A951D4C3B365}
	EndGlobalSection
EndGlobal
